
Microsoft Visual Studio Solution File, Format Version 12.00
# Visual Studio Version 17
VisualStudioVersion = 17.9.34902.65
MinimumVisualStudioVersion = 10.0.40219.1
Project("{9A19103F-16F7-4668-BE54-9A1E7A4F7556}") = "Modules.Windows.Registry.Actions", "modules\Modules.Windows.Registry.Actions\Modules.Windows.Registry.Actions.csproj", "{2603CDEA-C582-4096-8AD4-6982E9D36DF5}"
EndProject
Project("{2150E333-8FDC-42A3-9474-1A3956D46DE8}") = "Modules", "Modules", "{3B78C634-DFD6-43DA-A30E-33AC42224BD4}"
EndProject
Project("{2150E333-8FDC-42A3-9474-1A3956D46DE8}") = "Tests", "Tests", "{79D5DFFD-323B-4DC4-950D-13DA2C1F31E0}"
EndProject
Project("{9A19103F-16F7-4668-BE54-9A1E7A4F7556}") = "Modules.Actions.Tests", "tests\Modules.Actions.Tests\Modules.Actions.Tests.csproj", "{D622D84B-9853-4E6E-AE09-1988FBFE6392}"
EndProject
Project("{9A19103F-16F7-4668-BE54-9A1E7A4F7556}") = "Modules.HTML.Actions", "modules\Modules.HTML.Actions\Modules.HTML.Actions.csproj", "{435C2B05-E667-4AAD-9BE5-3863345B98A4}"
EndProject
Project("{9A19103F-16F7-4668-BE54-9A1E7A4F7556}") = "Modules.PetStore.Actions", "samples\Modules.PetStore.Actions\Modules.PetStore.Actions.csproj", "{3D0BC3F2-AB03-44A3-8FAF-599FB80DB717}"
EndProject
Project("{D954291E-2A0B-460D-934E-DC6B0785DB48}") = "Modules.Actions.Shared", "src\Modules.Actions.Shared\Modules.Actions.Shared.shproj", "{7E19E2F1-6DE7-4A0E-AED8-7CEA38B166AF}"
EndProject
Project("{2150E333-8FDC-42A3-9474-1A3956D46DE8}") = "Samples", "Samples", "{64A2FE14-920C-4A2F-8F4A-28B77CC84BA4}"
EndProject
Project("{2150E333-8FDC-42A3-9474-1A3956D46DE8}") = "OpenAPI", "OpenAPI", "{6709150F-B5E8-4377-BAEA-5394C5340806}"
EndProject
Project("{FAE04EC0-301F-11D3-BF4B-00C04F79EFBC}") = "PetStore.Client", "samples\PetStore.Client\PetStore.Client.csproj", "{A9858CCE-DDB1-4942-84BE-08991E46A818}"
EndProject
Project("{FAE04EC0-301F-11D3-BF4B-00C04F79EFBC}") = "Modules.Windows.TaskScheduler.Actions", "modules\Modules.Windows.TaskScheduler.Actions\Modules.Windows.TaskScheduler.Actions.csproj", "{E7F31F2C-1091-4B82-A685-C7A74FC80A1D}"
EndProject
Project("{FAE04EC0-301F-11D3-BF4B-00C04F79EFBC}") = "Modules.Windows.Notifications.Actions", "modules\Modules.Windows.Notifications.Actions\Modules.Windows.Notifications.Actions.csproj", "{EE7E70E2-7838-4B4E-BCC1-C74051ACBBA5}"
EndProject
Project("{2150E333-8FDC-42A3-9474-1A3956D46DE8}") = "GettingStarted", "GettingStarted", "{A5E3C936-7C1F-4719-9EAA-37F4AE439EF7}"
EndProject
Project("{FAE04EC0-301F-11D3-BF4B-00C04F79EFBC}") = "Modules.GettingStarted.Actions", "samples\Modules.GettingStarted.Actions\Modules.GettingStarted.Actions.csproj", "{1D4838E3-22A7-4D65-91CF-2395778EE92F}"
EndProject
Project("{2150E333-8FDC-42A3-9474-1A3956D46DE8}") = "AssemblyResolution", "AssemblyResolution", "{8EC670BB-BC22-44B4-8228-8F053188C908}"
EndProject
Project("{FAE04EC0-301F-11D3-BF4B-00C04F79EFBC}") = "Modules.AssemblyResolution.Actions", "samples\Modules.AssemblyResolution.Actions\Modules.AssemblyResolution.Actions.csproj", "{146D4CFB-A54A-4E9F-8473-FC0D73F7BEFD}"
EndProject
Project("{FAE04EC0-301F-11D3-BF4B-00C04F79EFBC}") = "Modules.Tasks.Actions", "samples\Modules.Tasks.Actions\Modules.Tasks.Actions.csproj", "{801F4464-7843-4252-9476-E68830781126}"
EndProject
Project("{2150E333-8FDC-42A3-9474-1A3956D46DE8}") = "Tasks", "Tasks", "{33E32C24-4A59-4DE1-B9C5-57CF051AD355}"
EndProject
Project("{FAE04EC0-301F-11D3-BF4B-00C04F79EFBC}") = "Modules.CloudFlows.Actions", "modules\Modules.CloudFlows.Actions\Modules.CloudFlows.Actions.csproj", "{B02F131A-FC12-4055-BFAF-BF285C101444}"
EndProject
Project("{2150E333-8FDC-42A3-9474-1A3956D46DE8}") = "Plugins", "Plugins", "{75B693A3-4FAE-4009-B370-9A062546D8A2}"
EndProject
Project("{FAE04EC0-301F-11D3-BF4B-00C04F79EFBC}") = "Plugins.Shared", "plugins\Plugins.Shared\Plugins.Shared.csproj", "{4435846D-01BD-4121-A1AF-8132F63E4649}"
EndProject
Project("{FAE04EC0-301F-11D3-BF4B-00C04F79EFBC}") = "Plugins.Host", "plugins\Plugins.Host\Plugins.Host.csproj", "{15602292-F636-4904-8835-5784B644BDA8}"
EndProject
Project("{FAE04EC0-301F-11D3-BF4B-00C04F79EFBC}") = "Modules.AzureKeyVault.Actions", "modules\Modules.AzureKeyVault.Actions\Modules.AzureKeyVault.Actions.csproj", "{121AA4E9-9301-4EB7-A0B7-5AFD70EF65D1}"
EndProject
Global
	GlobalSection(SolutionConfigurationPlatforms) = preSolution
		Debug|Any CPU = Debug|Any CPU
		Release|Any CPU = Release|Any CPU
	EndGlobalSection
	GlobalSection(ProjectConfigurationPlatforms) = postSolution
		{2603CDEA-C582-4096-8AD4-6982E9D36DF5}.Debug|Any CPU.ActiveCfg = Debug|Any CPU
		{2603CDEA-C582-4096-8AD4-6982E9D36DF5}.Debug|Any CPU.Build.0 = Debug|Any CPU
		{2603CDEA-C582-4096-8AD4-6982E9D36DF5}.Release|Any CPU.ActiveCfg = Release|Any CPU
		{2603CDEA-C582-4096-8AD4-6982E9D36DF5}.Release|Any CPU.Build.0 = Release|Any CPU
		{D622D84B-9853-4E6E-AE09-1988FBFE6392}.Debug|Any CPU.ActiveCfg = Debug|Any CPU
		{D622D84B-9853-4E6E-AE09-1988FBFE6392}.Debug|Any CPU.Build.0 = Debug|Any CPU
		{D622D84B-9853-4E6E-AE09-1988FBFE6392}.Release|Any CPU.ActiveCfg = Release|Any CPU
		{D622D84B-9853-4E6E-AE09-1988FBFE6392}.Release|Any CPU.Build.0 = Release|Any CPU
		{435C2B05-E667-4AAD-9BE5-3863345B98A4}.Debug|Any CPU.ActiveCfg = Debug|Any CPU
		{435C2B05-E667-4AAD-9BE5-3863345B98A4}.Debug|Any CPU.Build.0 = Debug|Any CPU
		{435C2B05-E667-4AAD-9BE5-3863345B98A4}.Release|Any CPU.ActiveCfg = Release|Any CPU
		{435C2B05-E667-4AAD-9BE5-3863345B98A4}.Release|Any CPU.Build.0 = Release|Any CPU
		{3D0BC3F2-AB03-44A3-8FAF-599FB80DB717}.Debug|Any CPU.ActiveCfg = Debug|Any CPU
		{3D0BC3F2-AB03-44A3-8FAF-599FB80DB717}.Debug|Any CPU.Build.0 = Debug|Any CPU
		{3D0BC3F2-AB03-44A3-8FAF-599FB80DB717}.Release|Any CPU.ActiveCfg = Release|Any CPU
		{3D0BC3F2-AB03-44A3-8FAF-599FB80DB717}.Release|Any CPU.Build.0 = Release|Any CPU
		{A9858CCE-DDB1-4942-84BE-08991E46A818}.Debug|Any CPU.ActiveCfg = Debug|Any CPU
		{A9858CCE-DDB1-4942-84BE-08991E46A818}.Debug|Any CPU.Build.0 = Debug|Any CPU
		{A9858CCE-DDB1-4942-84BE-08991E46A818}.Release|Any CPU.ActiveCfg = Release|Any CPU
		{A9858CCE-DDB1-4942-84BE-08991E46A818}.Release|Any CPU.Build.0 = Release|Any CPU
		{E7F31F2C-1091-4B82-A685-C7A74FC80A1D}.Debug|Any CPU.ActiveCfg = Debug|Any CPU
		{E7F31F2C-1091-4B82-A685-C7A74FC80A1D}.Debug|Any CPU.Build.0 = Debug|Any CPU
		{E7F31F2C-1091-4B82-A685-C7A74FC80A1D}.Release|Any CPU.ActiveCfg = Release|Any CPU
		{E7F31F2C-1091-4B82-A685-C7A74FC80A1D}.Release|Any CPU.Build.0 = Release|Any CPU
		{EE7E70E2-7838-4B4E-BCC1-C74051ACBBA5}.Debug|Any CPU.ActiveCfg = Debug|Any CPU
		{EE7E70E2-7838-4B4E-BCC1-C74051ACBBA5}.Debug|Any CPU.Build.0 = Debug|Any CPU
		{EE7E70E2-7838-4B4E-BCC1-C74051ACBBA5}.Release|Any CPU.ActiveCfg = Release|Any CPU
		{EE7E70E2-7838-4B4E-BCC1-C74051ACBBA5}.Release|Any CPU.Build.0 = Release|Any CPU
		{1D4838E3-22A7-4D65-91CF-2395778EE92F}.Debug|Any CPU.ActiveCfg = Debug|Any CPU
		{1D4838E3-22A7-4D65-91CF-2395778EE92F}.Debug|Any CPU.Build.0 = Debug|Any CPU
		{1D4838E3-22A7-4D65-91CF-2395778EE92F}.Release|Any CPU.ActiveCfg = Release|Any CPU
		{1D4838E3-22A7-4D65-91CF-2395778EE92F}.Release|Any CPU.Build.0 = Release|Any CPU
		{146D4CFB-A54A-4E9F-8473-FC0D73F7BEFD}.Debug|Any CPU.ActiveCfg = Debug|Any CPU
		{146D4CFB-A54A-4E9F-8473-FC0D73F7BEFD}.Debug|Any CPU.Build.0 = Debug|Any CPU
		{146D4CFB-A54A-4E9F-8473-FC0D73F7BEFD}.Release|Any CPU.ActiveCfg = Release|Any CPU
		{146D4CFB-A54A-4E9F-8473-FC0D73F7BEFD}.Release|Any CPU.Build.0 = Release|Any CPU
		{801F4464-7843-4252-9476-E68830781126}.Debug|Any CPU.ActiveCfg = Debug|Any CPU
		{801F4464-7843-4252-9476-E68830781126}.Debug|Any CPU.Build.0 = Debug|Any CPU
		{801F4464-7843-4252-9476-E68830781126}.Release|Any CPU.ActiveCfg = Release|Any CPU
		{801F4464-7843-4252-9476-E68830781126}.Release|Any CPU.Build.0 = Release|Any CPU
		{B02F131A-FC12-4055-BFAF-BF285C101444}.Debug|Any CPU.ActiveCfg = Debug|Any CPU
		{B02F131A-FC12-4055-BFAF-BF285C101444}.Debug|Any CPU.Build.0 = Debug|Any CPU
		{B02F131A-FC12-4055-BFAF-BF285C101444}.Release|Any CPU.ActiveCfg = Release|Any CPU
		{B02F131A-FC12-4055-BFAF-BF285C101444}.Release|Any CPU.Build.0 = Release|Any CPU
		{4435846D-01BD-4121-A1AF-8132F63E4649}.Debug|Any CPU.ActiveCfg = Debug|Any CPU
		{4435846D-01BD-4121-A1AF-8132F63E4649}.Debug|Any CPU.Build.0 = Debug|Any CPU
		{4435846D-01BD-4121-A1AF-8132F63E4649}.Release|Any CPU.ActiveCfg = Release|Any CPU
		{4435846D-01BD-4121-A1AF-8132F63E4649}.Release|Any CPU.Build.0 = Release|Any CPU
		{15602292-F636-4904-8835-5784B644BDA8}.Debug|Any CPU.ActiveCfg = Debug|Any CPU
		{15602292-F636-4904-8835-5784B644BDA8}.Debug|Any CPU.Build.0 = Debug|Any CPU
		{15602292-F636-4904-8835-5784B644BDA8}.Release|Any CPU.ActiveCfg = Release|Any CPU
		{15602292-F636-4904-8835-5784B644BDA8}.Release|Any CPU.Build.0 = Release|Any CPU
		{121AA4E9-9301-4EB7-A0B7-5AFD70EF65D1}.Debug|Any CPU.ActiveCfg = Debug|Any CPU
		{121AA4E9-9301-4EB7-A0B7-5AFD70EF65D1}.Debug|Any CPU.Build.0 = Debug|Any CPU
		{121AA4E9-9301-4EB7-A0B7-5AFD70EF65D1}.Release|Any CPU.ActiveCfg = Release|Any CPU
		{121AA4E9-9301-4EB7-A0B7-5AFD70EF65D1}.Release|Any CPU.Build.0 = Release|Any CPU
	EndGlobalSection
	GlobalSection(SolutionProperties) = preSolution
		HideSolutionNode = FALSE
	EndGlobalSection
	GlobalSection(NestedProjects) = preSolution
		{2603CDEA-C582-4096-8AD4-6982E9D36DF5} = {3B78C634-DFD6-43DA-A30E-33AC42224BD4}
		{79D5DFFD-323B-4DC4-950D-13DA2C1F31E0} = {3B78C634-DFD6-43DA-A30E-33AC42224BD4}
		{D622D84B-9853-4E6E-AE09-1988FBFE6392} = {79D5DFFD-323B-4DC4-950D-13DA2C1F31E0}
		{435C2B05-E667-4AAD-9BE5-3863345B98A4} = {3B78C634-DFD6-43DA-A30E-33AC42224BD4}
		{7E19E2F1-6DE7-4A0E-AED8-7CEA38B166AF} = {3B78C634-DFD6-43DA-A30E-33AC42224BD4}
		{6709150F-B5E8-4377-BAEA-5394C5340806} = {64A2FE14-920C-4A2F-8F4A-28B77CC84BA4}
		{3D0BC3F2-AB03-44A3-8FAF-599FB80DB717} = {6709150F-B5E8-4377-BAEA-5394C5340806}
		{A9858CCE-DDB1-4942-84BE-08991E46A818} = {6709150F-B5E8-4377-BAEA-5394C5340806}
		{E7F31F2C-1091-4B82-A685-C7A74FC80A1D} = {3B78C634-DFD6-43DA-A30E-33AC42224BD4}
		{EE7E70E2-7838-4B4E-BCC1-C74051ACBBA5} = {3B78C634-DFD6-43DA-A30E-33AC42224BD4}
		{A5E3C936-7C1F-4719-9EAA-37F4AE439EF7} = {64A2FE14-920C-4A2F-8F4A-28B77CC84BA4}
		{1D4838E3-22A7-4D65-91CF-2395778EE92F} = {A5E3C936-7C1F-4719-9EAA-37F4AE439EF7}
		{8EC670BB-BC22-44B4-8228-8F053188C908} = {64A2FE14-920C-4A2F-8F4A-28B77CC84BA4}
		{146D4CFB-A54A-4E9F-8473-FC0D73F7BEFD} = {8EC670BB-BC22-44B4-8228-8F053188C908}
		{801F4464-7843-4252-9476-E68830781126} = {33E32C24-4A59-4DE1-B9C5-57CF051AD355}
		{33E32C24-4A59-4DE1-B9C5-57CF051AD355} = {64A2FE14-920C-4A2F-8F4A-28B77CC84BA4}
		{B02F131A-FC12-4055-BFAF-BF285C101444} = {3B78C634-DFD6-43DA-A30E-33AC42224BD4}
		{4435846D-01BD-4121-A1AF-8132F63E4649} = {75B693A3-4FAE-4009-B370-9A062546D8A2}
		{15602292-F636-4904-8835-5784B644BDA8} = {75B693A3-4FAE-4009-B370-9A062546D8A2}
		{121AA4E9-9301-4EB7-A0B7-5AFD70EF65D1} = {3B78C634-DFD6-43DA-A30E-33AC42224BD4}
	EndGlobalSection
	GlobalSection(SharedMSBuildProjectFiles) = preSolution
		Modules.Actions.Shared\Modules.Actions.Shared.projitems*{7e19e2f1-6de7-4a0e-aed8-7cea38b166af}*SharedItemsImports = 13
	EndGlobalSection
EndGlobal
